// !$*UTF8*$!
{
	archiveVersion = 1;
	classes = {
	};
	objectVersion = 56;
	objects = {

/* Begin PBXBuildFile section */
		94551CAB2A035086004F18A6 /* Constants.swift in Sources */ = {isa = PBXBuildFile; fileRef = 94551CAA2A035086004F18A6 /* Constants.swift */; };
		94F13DA22A034A3500686652 /* AppDelegate.swift in Sources */ = {isa = PBXBuildFile; fileRef = 94F13DA12A034A3500686652 /* AppDelegate.swift */; };
		94F13DA42A034A3500686652 /* SceneDelegate.swift in Sources */ = {isa = PBXBuildFile; fileRef = 94F13DA32A034A3500686652 /* SceneDelegate.swift */; };
		94F13DA62A034A3500686652 /* InitialViewController.swift in Sources */ = {isa = PBXBuildFile; fileRef = 94F13DA52A034A3500686652 /* InitialViewController.swift */; };
		94F13DA92A034A3500686652 /* InitialViewController.storyboard in Resources */ = {isa = PBXBuildFile; fileRef = 94F13DA72A034A3500686652 /* InitialViewController.storyboard */; };
		94F13DAB2A034A3600686652 /* Assets.xcassets in Resources */ = {isa = PBXBuildFile; fileRef = 94F13DAA2A034A3600686652 /* Assets.xcassets */; };
		94F13DAE2A034A3600686652 /* LaunchScreen.storyboard in Resources */ = {isa = PBXBuildFile; fileRef = 94F13DAC2A034A3600686652 /* LaunchScreen.storyboard */; };
		94F13DB92A034A3600686652 /* WeatherzTests.swift in Sources */ = {isa = PBXBuildFile; fileRef = 94F13DB82A034A3600686652 /* WeatherzTests.swift */; };
/* End PBXBuildFile section */

/* Begin PBXContainerItemProxy section */
		94F13DB52A034A3600686652 /* PBXContainerItemProxy */ = {
			isa = PBXContainerItemProxy;
			containerPortal = 94F13D962A034A3500686652 /* Project object */;
			proxyType = 1;
			remoteGlobalIDString = 94F13D9D2A034A3500686652;
			remoteInfo = Weatherz;
		};
/* End PBXContainerItemProxy section */

/* Begin PBXFileReference section */
		94551CAA2A035086004F18A6 /* Constants.swift */ = {isa = PBXFileReference; lastKnownFileType = sourcecode.swift; path = Constants.swift; sourceTree = "<group>"; };
		94F13D9E2A034A3500686652 /* Weatherz.app */ = {isa = PBXFileReference; explicitFileType = wrapper.application; includeInIndex = 0; path = Weatherz.app; sourceTree = BUILT_PRODUCTS_DIR; };
		94F13DA12A034A3500686652 /* AppDelegate.swift */ = {isa = PBXFileReference; lastKnownFileType = sourcecode.swift; path = AppDelegate.swift; sourceTree = "<group>"; };
		94F13DA32A034A3500686652 /* SceneDelegate.swift */ = {isa = PBXFileReference; lastKnownFileType = sourcecode.swift; path = SceneDelegate.swift; sourceTree = "<group>"; };
		94F13DA52A034A3500686652 /* InitialViewController.swift */ = {isa = PBXFileReference; lastKnownFileType = sourcecode.swift; path = InitialViewController.swift; sourceTree = "<group>"; };
		94F13DA82A034A3500686652 /* Base */ = {isa = PBXFileReference; lastKnownFileType = file.storyboard; name = Base; path = Base.lproj/InitialViewController.storyboard; sourceTree = "<group>"; };
		94F13DAA2A034A3600686652 /* Assets.xcassets */ = {isa = PBXFileReference; lastKnownFileType = folder.assetcatalog; path = Assets.xcassets; sourceTree = "<group>"; };
		94F13DAD2A034A3600686652 /* Base */ = {isa = PBXFileReference; lastKnownFileType = file.storyboard; name = Base; path = Base.lproj/LaunchScreen.storyboard; sourceTree = "<group>"; };
		94F13DAF2A034A3600686652 /* Info.plist */ = {isa = PBXFileReference; lastKnownFileType = text.plist.xml; path = Info.plist; sourceTree = "<group>"; };
		94F13DB42A034A3600686652 /* WeatherzTests.xctest */ = {isa = PBXFileReference; explicitFileType = wrapper.cfbundle; includeInIndex = 0; path = WeatherzTests.xctest; sourceTree = BUILT_PRODUCTS_DIR; };
		94F13DB82A034A3600686652 /* WeatherzTests.swift */ = {isa = PBXFileReference; lastKnownFileType = sourcecode.swift; path = WeatherzTests.swift; sourceTree = "<group>"; };
/* End PBXFileReference section */

/* Begin PBXFrameworksBuildPhase section */
		94F13D9B2A034A3500686652 /* Frameworks */ = {
			isa = PBXFrameworksBuildPhase;
			buildActionMask = 2147483647;
			files = (
			);
			runOnlyForDeploymentPostprocessing = 0;
		};
		94F13DB12A034A3600686652 /* Frameworks */ = {
			isa = PBXFrameworksBuildPhase;
			buildActionMask = 2147483647;
			files = (
			);
			runOnlyForDeploymentPostprocessing = 0;
		};
/* End PBXFrameworksBuildPhase section */

/* Begin PBXGroup section */
		94551CA62A034DA2004F18A6 /* Startup */ = {
			isa = PBXGroup;
			children = (
				94F13DAC2A034A3600686652 /* LaunchScreen.storyboard */,
				94F13DA32A034A3500686652 /* SceneDelegate.swift */,
				94F13DA12A034A3500686652 /* AppDelegate.swift */,
			);
			path = Startup;
			sourceTree = "<group>";
		};
		94551CA72A034DB1004F18A6 /* Assets */ = {
			isa = PBXGroup;
			children = (
				94F13DAA2A034A3600686652 /* Assets.xcassets */,
			);
			path = Assets;
			sourceTree = "<group>";
		};
		94551CA82A034DCA004F18A6 /* SupportingFiles */ = {
			isa = PBXGroup;
			children = (
				94F13DAF2A034A3600686652 /* Info.plist */,
			);
			path = SupportingFiles;
			sourceTree = "<group>";
		};
		94551CA92A034DFA004F18A6 /* App */ = {
			isa = PBXGroup;
			children = (
				94F13DA52A034A3500686652 /* InitialViewController.swift */,
				94F13DA72A034A3500686652 /* InitialViewController.storyboard */,
				94551CAA2A035086004F18A6 /* Constants.swift */,
			);
			path = App;
			sourceTree = "<group>";
		};
		94F13D952A034A3500686652 = {
			isa = PBXGroup;
			children = (
				94F13DA02A034A3500686652 /* Weatherz */,
				94F13DB72A034A3600686652 /* WeatherzTests */,
				94F13D9F2A034A3500686652 /* Products */,
			);
			sourceTree = "<group>";
		};
		94F13D9F2A034A3500686652 /* Products */ = {
			isa = PBXGroup;
			children = (
				94F13D9E2A034A3500686652 /* Weatherz.app */,
				94F13DB42A034A3600686652 /* WeatherzTests.xctest */,
			);
			name = Products;
			sourceTree = "<group>";
		};
		94F13DA02A034A3500686652 /* Weatherz */ = {
			isa = PBXGroup;
			children = (
				94551CA92A034DFA004F18A6 /* App */,
				94551CA72A034DB1004F18A6 /* Assets */,
				94551CA62A034DA2004F18A6 /* Startup */,
				94551CA82A034DCA004F18A6 /* SupportingFiles */,
			);
			path = Weatherz;
			sourceTree = "<group>";
		};
		94F13DB72A034A3600686652 /* WeatherzTests */ = {
			isa = PBXGroup;
			children = (
				94F13DB82A034A3600686652 /* WeatherzTests.swift */,
			);
			path = WeatherzTests;
			sourceTree = "<group>";
		};
/* End PBXGroup section */

/* Begin PBXNativeTarget section */
		94F13D9D2A034A3500686652 /* Weatherz */ = {
			isa = PBXNativeTarget;
			buildConfigurationList = 94F13DC82A034A3700686652 /* Build configuration list for PBXNativeTarget "Weatherz" */;
			buildPhases = (
				94F13D9A2A034A3500686652 /* Sources */,
				94F13D9B2A034A3500686652 /* Frameworks */,
				94F13D9C2A034A3500686652 /* Resources */,
			);
			buildRules = (
			);
			dependencies = (
			);
			name = Weatherz;
			productName = Weatherz;
			productReference = 94F13D9E2A034A3500686652 /* Weatherz.app */;
			productType = "com.apple.product-type.application";
		};
		94F13DB32A034A3600686652 /* WeatherzTests */ = {
			isa = PBXNativeTarget;
			buildConfigurationList = 94F13DCB2A034A3700686652 /* Build configuration list for PBXNativeTarget "WeatherzTests" */;
			buildPhases = (
				94F13DB02A034A3600686652 /* Sources */,
				94F13DB12A034A3600686652 /* Frameworks */,
				94F13DB22A034A3600686652 /* Resources */,
			);
			buildRules = (
			);
			dependencies = (
				94F13DB62A034A3600686652 /* PBXTargetDependency */,
			);
			name = WeatherzTests;
			productName = WeatherzTests;
			productReference = 94F13DB42A034A3600686652 /* WeatherzTests.xctest */;
			productType = "com.apple.product-type.bundle.unit-test";
		};
/* End PBXNativeTarget section */

/* Begin PBXProject section */
		94F13D962A034A3500686652 /* Project object */ = {
			isa = PBXProject;
			attributes = {
				BuildIndependentTargetsInParallel = 1;
				LastSwiftUpdateCheck = 1420;
				LastUpgradeCheck = 1420;
				TargetAttributes = {
					94F13D9D2A034A3500686652 = {
						CreatedOnToolsVersion = 14.2;
					};
					94F13DB32A034A3600686652 = {
						CreatedOnToolsVersion = 14.2;
						TestTargetID = 94F13D9D2A034A3500686652;
					};
				};
			};
			buildConfigurationList = 94F13D992A034A3500686652 /* Build configuration list for PBXProject "Weatherz" */;
			compatibilityVersion = "Xcode 14.0";
			developmentRegion = en;
			hasScannedForEncodings = 0;
			knownRegions = (
				en,
				Base,
			);
			mainGroup = 94F13D952A034A3500686652;
			productRefGroup = 94F13D9F2A034A3500686652 /* Products */;
			projectDirPath = "";
			projectRoot = "";
			targets = (
				94F13D9D2A034A3500686652 /* Weatherz */,
				94F13DB32A034A3600686652 /* WeatherzTests */,
			);
		};
/* End PBXProject section */

/* Begin PBXResourcesBuildPhase section */
		94F13D9C2A034A3500686652 /* Resources */ = {
			isa = PBXResourcesBuildPhase;
			buildActionMask = 2147483647;
			files = (
				94F13DAE2A034A3600686652 /* LaunchScreen.storyboard in Resources */,
				94F13DAB2A034A3600686652 /* Assets.xcassets in Resources */,
				94F13DA92A034A3500686652 /* InitialViewController.storyboard in Resources */,
			);
			runOnlyForDeploymentPostprocessing = 0;
		};
		94F13DB22A034A3600686652 /* Resources */ = {
			isa = PBXResourcesBuildPhase;
			buildActionMask = 2147483647;
			files = (
			);
			runOnlyForDeploymentPostprocessing = 0;
		};
/* End PBXResourcesBuildPhase section */

/* Begin PBXSourcesBuildPhase section */
		94F13D9A2A034A3500686652 /* Sources */ = {
			isa = PBXSourcesBuildPhase;
			buildActionMask = 2147483647;
			files = (
				94F13DA62A034A3500686652 /* InitialViewController.swift in Sources */,
				94F13DA22A034A3500686652 /* AppDelegate.swift in Sources */,
				94F13DA42A034A3500686652 /* SceneDelegate.swift in Sources */,
				94551CAB2A035086004F18A6 /* Constants.swift in Sources */,
			);
			runOnlyForDeploymentPostprocessing = 0;
		};
		94F13DB02A034A3600686652 /* Sources */ = {
			isa = PBXSourcesBuildPhase;
			buildActionMask = 2147483647;
			files = (
				94F13DB92A034A3600686652 /* WeatherzTests.swift in Sources */,
			);
			runOnlyForDeploymentPostprocessing = 0;
		};
/* End PBXSourcesBuildPhase section */

/* Begin PBXTargetDependency section */
		94F13DB62A034A3600686652 /* PBXTargetDependency */ = {
			isa = PBXTargetDependency;
			target = 94F13D9D2A034A3500686652 /* Weatherz */;
			targetProxy = 94F13DB52A034A3600686652 /* PBXContainerItemProxy */;
		};
/* End PBXTargetDependency section */

/* Begin PBXVariantGroup section */
		94F13DA72A034A3500686652 /* InitialViewController.storyboard */ = {
			isa = PBXVariantGroup;
			children = (
				94F13DA82A034A3500686652 /* Base */,
			);
			name = InitialViewController.storyboard;
			sourceTree = "<group>";
		};
		94F13DAC2A034A3600686652 /* LaunchScreen.storyboard */ = {
			isa = PBXVariantGroup;
			children = (
				94F13DAD2A034A3600686652 /* Base */,
			);
			name = LaunchScreen.storyboard;
			sourceTree = "<group>";
		};
/* End PBXVariantGroup section */

/* Begin XCBuildConfiguration section */
		94F13DC62A034A3700686652 /* Debug */ = {
			isa = XCBuildConfiguration;
			buildSettings = {
				ALWAYS_SEARCH_USER_PATHS = NO;
				CLANG_ANALYZER_NONNULL = YES;
				CLANG_ANALYZER_NUMBER_OBJECT_CONVERSION = YES_AGGRESSIVE;
				CLANG_CXX_LANGUAGE_STANDARD = "gnu++20";
				CLANG_ENABLE_MODULES = YES;
				CLANG_ENABLE_OBJC_ARC = YES;
				CLANG_ENABLE_OBJC_WEAK = YES;
				CLANG_WARN_BLOCK_CAPTURE_AUTORELEASING = YES;
				CLANG_WARN_BOOL_CONVERSION = YES;
				CLANG_WARN_COMMA = YES;
				CLANG_WARN_CONSTANT_CONVERSION = YES;
				CLANG_WARN_DEPRECATED_OBJC_IMPLEMENTATIONS = YES;
				CLANG_WARN_DIRECT_OBJC_ISA_USAGE = YES_ERROR;
				CLANG_WARN_DOCUMENTATION_COMMENTS = YES;
				CLANG_WARN_EMPTY_BODY = YES;
				CLANG_WARN_ENUM_CONVERSION = YES;
				CLANG_WARN_INFINITE_RECURSION = YES;
				CLANG_WARN_INT_CONVERSION = YES;
				CLANG_WARN_NON_LITERAL_NULL_CONVERSION = YES;
				CLANG_WARN_OBJC_IMPLICIT_RETAIN_SELF = YES;
				CLANG_WARN_OBJC_LITERAL_CONVERSION = YES;
				CLANG_WARN_OBJC_ROOT_CLASS = YES_ERROR;
				CLANG_WARN_QUOTED_INCLUDE_IN_FRAMEWORK_HEADER = YES;
				CLANG_WARN_RANGE_LOOP_ANALYSIS = YES;
				CLANG_WARN_STRICT_PROTOTYPES = YES;
				CLANG_WARN_SUSPICIOUS_MOVE = YES;
				CLANG_WARN_UNGUARDED_AVAILABILITY = YES_AGGRESSIVE;
				CLANG_WARN_UNREACHABLE_CODE = YES;
				CLANG_WARN__DUPLICATE_METHOD_MATCH = YES;
				COPY_PHASE_STRIP = NO;
				DEBUG_INFORMATION_FORMAT = dwarf;
				ENABLE_STRICT_OBJC_MSGSEND = YES;
				ENABLE_TESTABILITY = YES;
				GCC_C_LANGUAGE_STANDARD = gnu11;
				GCC_DYNAMIC_NO_PIC = NO;
				GCC_NO_COMMON_BLOCKS = YES;
				GCC_OPTIMIZATION_LEVEL = 0;
				GCC_PREPROCESSOR_DEFINITIONS = (
					"DEBUG=1",
					"$(inherited)",
				);
				GCC_WARN_64_TO_32_BIT_CONVERSION = YES;
				GCC_WARN_ABOUT_RETURN_TYPE = YES_ERROR;
				GCC_WARN_UNDECLARED_SELECTOR = YES;
				GCC_WARN_UNINITIALIZED_AUTOS = YES_AGGRESSIVE;
				GCC_WARN_UNUSED_FUNCTION = YES;
				GCC_WARN_UNUSED_VARIABLE = YES;
				IPHONEOS_DEPLOYMENT_TARGET = 16.2;
				MTL_ENABLE_DEBUG_INFO = INCLUDE_SOURCE;
				MTL_FAST_MATH = YES;
				ONLY_ACTIVE_ARCH = YES;
				SDKROOT = iphoneos;
				SWIFT_ACTIVE_COMPILATION_CONDITIONS = DEBUG;
				SWIFT_OPTIMIZATION_LEVEL = "-Onone";
			};
			name = Debug;
		};
		94F13DC72A034A3700686652 /* Release */ = {
			isa = XCBuildConfiguration;
			buildSettings = {
				ALWAYS_SEARCH_USER_PATHS = NO;
				CLANG_ANALYZER_NONNULL = YES;
				CLANG_ANALYZER_NUMBER_OBJECT_CONVERSION = YES_AGGRESSIVE;
				CLANG_CXX_LANGUAGE_STANDARD = "gnu++20";
				CLANG_ENABLE_MODULES = YES;
				CLANG_ENABLE_OBJC_ARC = YES;
				CLANG_ENABLE_OBJC_WEAK = YES;
				CLANG_WARN_BLOCK_CAPTURE_AUTORELEASING = YES;
				CLANG_WARN_BOOL_CONVERSION = YES;
				CLANG_WARN_COMMA = YES;
				CLANG_WARN_CONSTANT_CONVERSION = YES;
				CLANG_WARN_DEPRECATED_OBJC_IMPLEMENTATIONS = YES;
				CLANG_WARN_DIRECT_OBJC_ISA_USAGE = YES_ERROR;
				CLANG_WARN_DOCUMENTATION_COMMENTS = YES;
				CLANG_WARN_EMPTY_BODY = YES;
				CLANG_WARN_ENUM_CONVERSION = YES;
				CLANG_WARN_INFINITE_RECURSION = YES;
				CLANG_WARN_INT_CONVERSION = YES;
				CLANG_WARN_NON_LITERAL_NULL_CONVERSION = YES;
				CLANG_WARN_OBJC_IMPLICIT_RETAIN_SELF = YES;
				CLANG_WARN_OBJC_LITERAL_CONVERSION = YES;
				CLANG_WARN_OBJC_ROOT_CLASS = YES_ERROR;
				CLANG_WARN_QUOTED_INCLUDE_IN_FRAMEWORK_HEADER = YES;
				CLANG_WARN_RANGE_LOOP_ANALYSIS = YES;
				CLANG_WARN_STRICT_PROTOTYPES = YES;
				CLANG_WARN_SUSPICIOUS_MOVE = YES;
				CLANG_WARN_UNGUARDED_AVAILABILITY = YES_AGGRESSIVE;
				CLANG_WARN_UNREACHABLE_CODE = YES;
				CLANG_WARN__DUPLICATE_METHOD_MATCH = YES;
				COPY_PHASE_STRIP = NO;
				DEBUG_INFORMATION_FORMAT = "dwarf-with-dsym";
				ENABLE_NS_ASSERTIONS = NO;
				ENABLE_STRICT_OBJC_MSGSEND = YES;
				GCC_C_LANGUAGE_STANDARD = gnu11;
				GCC_NO_COMMON_BLOCKS = YES;
				GCC_WARN_64_TO_32_BIT_CONVERSION = YES;
				GCC_WARN_ABOUT_RETURN_TYPE = YES_ERROR;
				GCC_WARN_UNDECLARED_SELECTOR = YES;
				GCC_WARN_UNINITIALIZED_AUTOS = YES_AGGRESSIVE;
				GCC_WARN_UNUSED_FUNCTION = YES;
				GCC_WARN_UNUSED_VARIABLE = YES;
				IPHONEOS_DEPLOYMENT_TARGET = 16.2;
				MTL_ENABLE_DEBUG_INFO = NO;
				MTL_FAST_MATH = YES;
				SDKROOT = iphoneos;
				SWIFT_COMPILATION_MODE = wholemodule;
				SWIFT_OPTIMIZATION_LEVEL = "-O";
				VALIDATE_PRODUCT = YES;
			};
			name = Release;
		};
		94F13DC92A034A3700686652 /* Debug */ = {
			isa = XCBuildConfiguration;
			buildSettings = {
				ASSETCATALOG_COMPILER_APPICON_NAME = AppIcon;
				ASSETCATALOG_COMPILER_GLOBAL_ACCENT_COLOR_NAME = AccentColor;
				CODE_SIGN_STYLE = Manual;
				CURRENT_PROJECT_VERSION = 1;
				DEVELOPMENT_TEAM = "";
				GENERATE_INFOPLIST_FILE = YES;
				INFOPLIST_FILE = Weatherz/SupportingFiles/Info.plist;
				INFOPLIST_KEY_UIApplicationSupportsIndirectInputEvents = YES;
				INFOPLIST_KEY_UILaunchStoryboardName = LaunchScreen;
				INFOPLIST_KEY_UIMainStoryboardFile = InitialViewController;
				INFOPLIST_KEY_UISupportedInterfaceOrientations_iPad = "UIInterfaceOrientationPortrait UIInterfaceOrientationPortraitUpsideDown UIInterfaceOrientationLandscapeLeft UIInterfaceOrientationLandscapeRight";
				INFOPLIST_KEY_UISupportedInterfaceOrientations_iPhone = "UIInterfaceOrientationPortrait UIInterfaceOrientationLandscapeLeft UIInterfaceOrientationLandscapeRight";
				LD_RUNPATH_SEARCH_PATHS = (
					"$(inherited)",
					"@executable_path/Frameworks",
				);
				MARKETING_VERSION = 1.0;
				PRODUCT_BUNDLE_IDENTIFIER = teamthick.Weatherz;
				PRODUCT_NAME = "$(TARGET_NAME)";
				PROVISIONING_PROFILE_SPECIFIER = "";
				SWIFT_EMIT_LOC_STRINGS = YES;
				SWIFT_VERSION = 5.0;
				TARGETED_DEVICE_FAMILY = "1,2";
			};
			name = Debug;
		};
		94F13DCA2A034A3700686652 /* Release */ = {
			isa = XCBuildConfiguration;
			buildSettings = {
				ASSETCATALOG_COMPILER_APPICON_NAME = AppIcon;
				ASSETCATALOG_COMPILER_GLOBAL_ACCENT_COLOR_NAME = AccentColor;
				CODE_SIGN_STYLE = Manual;
				CURRENT_PROJECT_VERSION = 1;
				DEVELOPMENT_TEAM = "";
				GENERATE_INFOPLIST_FILE = YES;
				INFOPLIST_FILE = Weatherz/SupportingFiles/Info.plist;
				INFOPLIST_KEY_UIApplicationSupportsIndirectInputEvents = YES;
				INFOPLIST_KEY_UILaunchStoryboardName = LaunchScreen;
				INFOPLIST_KEY_UIMainStoryboardFile = InitialViewController;
				INFOPLIST_KEY_UISupportedInterfaceOrientations_iPad = "UIInterfaceOrientationPortrait UIInterfaceOrientationPortraitUpsideDown UIInterfaceOrientationLandscapeLeft UIInterfaceOrientationLandscapeRight";
				INFOPLIST_KEY_UISupportedInterfaceOrientations_iPhone = "UIInterfaceOrientationPortrait UIInterfaceOrientationLandscapeLeft UIInterfaceOrientationLandscapeRight";
				LD_RUNPATH_SEARCH_PATHS = (
					"$(inherited)",
					"@executable_path/Frameworks",
				);
				MARKETING_VERSION = 1.0;
				PRODUCT_BUNDLE_IDENTIFIER = teamthick.Weatherz;
				PRODUCT_NAME = "$(TARGET_NAME)";
				PROVISIONING_PROFILE_SPECIFIER = "";
				SWIFT_EMIT_LOC_STRINGS = YES;
				SWIFT_VERSION = 5.0;
				TARGETED_DEVICE_FAMILY = "1,2";
			};
			name = Release;
		};
		94F13DCC2A034A3700686652 /* Debug */ = {
			isa = XCBuildConfiguration;
			buildSettings = {
				ALWAYS_EMBED_SWIFT_STANDARD_LIBRARIES = YES;
				BUNDLE_LOADER = "$(TEST_HOST)";
				CODE_SIGN_STYLE = Automatic;
				CURRENT_PROJECT_VERSION = 1;
				GENERATE_INFOPLIST_FILE = YES;
				IPHONEOS_DEPLOYMENT_TARGET = 16.2;
				MARKETING_VERSION = 1.0;
				PRODUCT_BUNDLE_IDENTIFIER = teamthick.WeatherzTests;
				PRODUCT_NAME = "$(TARGET_NAME)";
				SWIFT_EMIT_LOC_STRINGS = NO;
				SWIFT_VERSION = 5.0;
				TARGETED_DEVICE_FAMILY = "1,2";
				TEST_HOST = "$(BUILT_PRODUCTS_DIR)/Weatherz.app/$(BUNDLE_EXECUTABLE_FOLDER_PATH)/Weatherz";
			};
			name = Debug;
		};
		94F13DCD2A034A3700686652 /* Release */ = {
			isa = XCBuildConfiguration;
			buildSettings = {
				ALWAYS_EMBED_SWIFT_STANDARD_LIBRARIES = YES;
				BUNDLE_LOADER = "$(TEST_HOST)";
				CODE_SIGN_STYLE = Automatic;
				CURRENT_PROJECT_VERSION = 1;
				GENERATE_INFOPLIST_FILE = YES;
				IPHONEOS_DEPLOYMENT_TARGET = 16.2;
				MARKETING_VERSION = 1.0;
				PRODUCT_BUNDLE_IDENTIFIER = teamthick.WeatherzTests;
				PRODUCT_NAME = "$(TARGET_NAME)";
				SWIFT_EMIT_LOC_STRINGS = NO;
				SWIFT_VERSION = 5.0;
				TARGETED_DEVICE_FAMILY = "1,2";
				TEST_HOST = "$(BUILT_PRODUCTS_DIR)/Weatherz.app/$(BUNDLE_EXECUTABLE_FOLDER_PATH)/Weatherz";
			};
			name = Release;
		};
/* End XCBuildConfiguration section */

/* Begin XCConfigurationList section */
		94F13D992A034A3500686652 /* Build configuration list for PBXProject "Weatherz" */ = {
			isa = XCConfigurationList;
			buildConfigurations = (
				94F13DC62A034A3700686652 /* Debug */,
				94F13DC72A034A3700686652 /* Release */,
			);
			defaultConfigurationIsVisible = 0;
			defaultConfigurationName = Release;
		};
		94F13DC82A034A3700686652 /* Build configuration list for PBXNativeTarget "Weatherz" */ = {
			isa = XCConfigurationList;
			buildConfigurations = (
				94F13DC92A034A3700686652 /* Debug */,
				94F13DCA2A034A3700686652 /* Release */,
			);
			defaultConfigurationIsVisible = 0;
			defaultConfigurationName = Release;
		};
		94F13DCB2A034A3700686652 /* Build configuration list for PBXNativeTarget "WeatherzTests" */ = {
			isa = XCConfigurationList;
			buildConfigurations = (
				94F13DCC2A034A3700686652 /* Debug */,
				94F13DCD2A034A3700686652 /* Release */,
			);
			defaultConfigurationIsVisible = 0;
			defaultConfigurationName = Release;
		};
/* End XCConfigurationList section */
	};
	rootObject = 94F13D962A034A3500686652 /* Project object */;
}
